
Microsoft Visual Studio Solution File, Format Version 12.00
# Visual Studio Version 17
VisualStudioVersion = 17.12.35707.178
MinimumVisualStudioVersion = 10.0.40219.1
Project("{FAE04EC0-301F-11D3-BF4B-00C04F79EFBC}") = "RomanToInteger", "RomanToInteger\RomanToInteger.csproj", "{A2CDDF78-C72F-476A-A1D6-40BD23978126}"
EndProject
Project("{FAE04EC0-301F-11D3-BF4B-00C04F79EFBC}") = "RomanIntegerUtilities", "RomanIntegerUtilities\RomanIntegerUtilities.csproj", "{42E6C908-4C38-40F1-9978-776F4D1BFBC6}"
EndProject
Global
	GlobalSection(SolutionConfigurationPlatforms) = preSolution
		Debug|Any CPU = Debug|Any CPU
		Release|Any CPU = Release|Any CPU
	EndGlobalSection
	GlobalSection(ProjectConfigurationPlatforms) = postSolution
		{A2CDDF78-C72F-476A-A1D6-40BD23978126}.Debug|Any CPU.ActiveCfg = Debug|Any CPU
		{A2CDDF78-C72F-476A-A1D6-40BD23978126}.Debug|Any CPU.Build.0 = Debug|Any CPU
		{A2CDDF78-C72F-476A-A1D6-40BD23978126}.Release|Any CPU.ActiveCfg = Release|Any CPU
		{A2CDDF78-C72F-476A-A1D6-40BD23978126}.Release|Any CPU.Build.0 = Release|Any CPU
		{42E6C908-4C38-40F1-9978-776F4D1BFBC6}.Debug|Any CPU.ActiveCfg = Debug|Any CPU
		{42E6C908-4C38-40F1-9978-776F4D1BFBC6}.Debug|Any CPU.Build.0 = Debug|Any CPU
		{42E6C908-4C38-40F1-9978-776F4D1BFBC6}.Release|Any CPU.ActiveCfg = Release|Any CPU
		{42E6C908-4C38-40F1-9978-776F4D1BFBC6}.Release|Any CPU.Build.0 = Release|Any CPU
	EndGlobalSection
	GlobalSection(SolutionProperties) = preSolution
		HideSolutionNode = FALSE
	EndGlobalSection
EndGlobal
